
Microsoft Visual Studio Solution File, Format Version 12.00
# Visual Studio Version 17
VisualStudioVersion = 17.3.32929.385
MinimumVisualStudioVersion = 10.0.40219.1
Project("{FAE04EC0-301F-11D3-BF4B-00C04F79EFBC}") = "notepad", "notepad\notepad.csproj", "{69D7943F-5360-4602-AADE-5944B3B1A20F}"
EndProject
Global
	GlobalSection(SolutionConfigurationPlatforms) = preSolution
		Debug|Any CPU = Debug|Any CPU
		Release|Any CPU = Release|Any CPU
	EndGlobalSection
	GlobalSection(ProjectConfigurationPlatforms) = postSolution
		{69D7943F-5360-4602-AADE-5944B3B1A20F}.Debug|Any CPU.ActiveCfg = Debug|Any CPU
		{69D7943F-5360-4602-AADE-5944B3B1A20F}.Debug|Any CPU.Build.0 = Debug|Any CPU
		{69D7943F-5360-4602-AADE-5944B3B1A20F}.Release|Any CPU.ActiveCfg = Release|Any CPU
		{69D7943F-5360-4602-AADE-5944B3B1A20F}.Release|Any CPU.Build.0 = Release|Any CPU
	EndGlobalSection
	GlobalSection(SolutionProperties) = preSolution
		HideSolutionNode = FALSE
	EndGlobalSection
	GlobalSection(ExtensibilityGlobals) = postSolution
		SolutionGuid = {22749ABD-ECA8-4F40-9DF1-A55BB22F156F}
	EndGlobalSection
EndGlobal
